// !$*UTF8*$!
{
	archiveVersion = 1;
	classes = {
	};
	objectVersion = 55;
	objects = {

/* Begin PBXBuildFile section */
		25BFAF49441D423588CF2A81 /* Pods_airbnb_airbnbUITests.framework in Frameworks */ = {isa = PBXBuildFile; fileRef = C24D1F46248DE73E50236196 /* Pods_airbnb_airbnbUITests.framework */; };
		747B3C4AB2D65AC07C371B01 /* Pods_airbnb.framework in Frameworks */ = {isa = PBXBuildFile; fileRef = C89D983E7C4E499A69032693 /* Pods_airbnb.framework */; };
		7711AA55455911FFC4D98C39 /* Pods_airbnbTests.framework in Frameworks */ = {isa = PBXBuildFile; fileRef = 9502C9F7B30B430AB84730F0 /* Pods_airbnbTests.framework */; };
		D00B741C285043FE00B31424 /* SnapKit in Frameworks */ = {isa = PBXBuildFile; productRef = D00B741B285043FE00B31424 /* SnapKit */; };
		D00B74272850562B00B31424 /* CalendarViewController.swift in Sources */ = {isa = PBXBuildFile; fileRef = D00B74262850562B00B31424 /* CalendarViewController.swift */; };
		D00B742A2850564B00B31424 /* CalendarCollectionViewCell.swift in Sources */ = {isa = PBXBuildFile; fileRef = D00B74292850564B00B31424 /* CalendarCollectionViewCell.swift */; };
		D00B742E285059C900B31424 /* CalendarCollectionViewDataSource.swift in Sources */ = {isa = PBXBuildFile; fileRef = D00B742D285059C900B31424 /* CalendarCollectionViewDataSource.swift */; };
		D00B743228507E5600B31424 /* CalendarFlowCoordinator.swift in Sources */ = {isa = PBXBuildFile; fileRef = D00B743128507E5600B31424 /* CalendarFlowCoordinator.swift */; };
		D00B743C285198C900B31424 /* GroupApplicable.swift in Sources */ = {isa = PBXBuildFile; fileRef = D00B743B285198C900B31424 /* GroupApplicable.swift */; };
		D00B743E285198D900B31424 /* SectionApplicable.swift in Sources */ = {isa = PBXBuildFile; fileRef = D00B743D285198D900B31424 /* SectionApplicable.swift */; };
		D00B74432851996100B31424 /* Size.swift in Sources */ = {isa = PBXBuildFile; fileRef = D00B74422851996100B31424 /* Size.swift */; };
		D00B744528519F1100B31424 /* CustomColor.swift in Sources */ = {isa = PBXBuildFile; fileRef = D00B744428519F1100B31424 /* CustomColor.swift */; };
		D00B74472851ABEF00B31424 /* ButtonTheme.swift in Sources */ = {isa = PBXBuildFile; fileRef = D00B74462851ABEF00B31424 /* ButtonTheme.swift */; };
		D00B744B2851B95F00B31424 /* MapCoordinate.swift in Sources */ = {isa = PBXBuildFile; fileRef = D00B744A2851B95F00B31424 /* MapCoordinate.swift */; };
		D00B744E2851CD8500B31424 /* CalendarViewModel.swift in Sources */ = {isa = PBXBuildFile; fileRef = D00B744D2851CD8500B31424 /* CalendarViewModel.swift */; };
		D00B74502851D1D700B31424 /* WeekdayCollectionViewDataSource.swift in Sources */ = {isa = PBXBuildFile; fileRef = D00B744F2851D1D700B31424 /* WeekdayCollectionViewDataSource.swift */; };
		D00B74532851E80600B31424 /* WeekdayModel.swift in Sources */ = {isa = PBXBuildFile; fileRef = D00B74522851E80600B31424 /* WeekdayModel.swift */; };
		D00B74552851E80D00B31424 /* CalendarModel.swift in Sources */ = {isa = PBXBuildFile; fileRef = D00B74542851E80D00B31424 /* CalendarModel.swift */; };
		D00B745C28521E8F00B31424 /* UIViewController+Extension.swift in Sources */ = {isa = PBXBuildFile; fileRef = D00B745B28521E8F00B31424 /* UIViewController+Extension.swift */; };
		D00B745F285227B500B31424 /* Alamofire in Frameworks */ = {isa = PBXBuildFile; productRef = D00B745E285227B500B31424 /* Alamofire */; };
		D00B74652852503800B31424 /* WishListResponseData.swift in Sources */ = {isa = PBXBuildFile; fileRef = D00B74642852503800B31424 /* WishListResponseData.swift */; };
		D00B74692852526200B31424 /* SearchLocationResponseData.swift in Sources */ = {isa = PBXBuildFile; fileRef = D00B74682852526200B31424 /* SearchLocationResponseData.swift */; };
		D00B746D2852BBBE00B31424 /* Constant.swift in Sources */ = {isa = PBXBuildFile; fileRef = D00B746C2852BBBE00B31424 /* Constant.swift */; };
		D00B7486285332E500B31424 /* WishListViewModel.swift in Sources */ = {isa = PBXBuildFile; fileRef = D00B7485285332E500B31424 /* WishListViewModel.swift */; };
		D00B748A28550AE300B31424 /* CalendarHeaderView.swift in Sources */ = {isa = PBXBuildFile; fileRef = D00B748928550AE300B31424 /* CalendarHeaderView.swift */; };
		D01D65EF283C70710067B5E1 /* AppDelegate.swift in Sources */ = {isa = PBXBuildFile; fileRef = D01D65EE283C70710067B5E1 /* AppDelegate.swift */; };
		D01D65F1283C70710067B5E1 /* SceneDelegate.swift in Sources */ = {isa = PBXBuildFile; fileRef = D01D65F0283C70710067B5E1 /* SceneDelegate.swift */; };
		D01D65F3283C70710067B5E1 /* MainViewController.swift in Sources */ = {isa = PBXBuildFile; fileRef = D01D65F2283C70710067B5E1 /* MainViewController.swift */; };
		D01D65F8283C70720067B5E1 /* Assets.xcassets in Resources */ = {isa = PBXBuildFile; fileRef = D01D65F7283C70720067B5E1 /* Assets.xcassets */; };
		D01D65FB283C70720067B5E1 /* LaunchScreen.storyboard in Resources */ = {isa = PBXBuildFile; fileRef = D01D65F9283C70720067B5E1 /* LaunchScreen.storyboard */; };
		D01D6606283C70720067B5E1 /* airbnbTests.swift in Sources */ = {isa = PBXBuildFile; fileRef = D01D6605283C70720067B5E1 /* airbnbTests.swift */; };
		D01D6610283C70720067B5E1 /* airbnbUITests.swift in Sources */ = {isa = PBXBuildFile; fileRef = D01D660F283C70720067B5E1 /* airbnbUITests.swift */; };
		D01D6612283C70720067B5E1 /* airbnbUITestsLaunchTests.swift in Sources */ = {isa = PBXBuildFile; fileRef = D01D6611283C70720067B5E1 /* airbnbUITestsLaunchTests.swift */; };
		D01D6621283CADE60067B5E1 /* .swiftlint.yml in Resources */ = {isa = PBXBuildFile; fileRef = D01D6620283CADE60067B5E1 /* .swiftlint.yml */; };
		D01D6622283CADE60067B5E1 /* .swiftlint.yml in Resources */ = {isa = PBXBuildFile; fileRef = D01D6620283CADE60067B5E1 /* .swiftlint.yml */; };
		D01D6623283CADE60067B5E1 /* .swiftlint.yml in Resources */ = {isa = PBXBuildFile; fileRef = D01D6620283CADE60067B5E1 /* .swiftlint.yml */; };
		D01D6628283CB5550067B5E1 /* WishListViewController.swift in Sources */ = {isa = PBXBuildFile; fileRef = D01D6627283CB5550067B5E1 /* WishListViewController.swift */; };
		D01D662A283CB5DB0067B5E1 /* ReservationViewController.swift in Sources */ = {isa = PBXBuildFile; fileRef = D01D6629283CB5DB0067B5E1 /* ReservationViewController.swift */; };
		D01D6631283D3A200067B5E1 /* UIColor+Extension.swift in Sources */ = {isa = PBXBuildFile; fileRef = D01D6630283D3A200067B5E1 /* UIColor+Extension.swift */; };
		D04C6C41284925CD00A419A5 /* MainViewModel.swift in Sources */ = {isa = PBXBuildFile; fileRef = D04C6C40284925CD00A419A5 /* MainViewModel.swift */; };
		D04C6C4928494B2600A419A5 /* SearchFlowCoordinator.swift in Sources */ = {isa = PBXBuildFile; fileRef = D04C6C4828494B2600A419A5 /* SearchFlowCoordinator.swift */; };
		D068BCFB28406E1B00EF783E /* Coordinator.swift in Sources */ = {isa = PBXBuildFile; fileRef = D068BCFA28406E1B00EF783E /* Coordinator.swift */; };
		D068BCFD28406F1900EF783E /* AppCoordinator.swift in Sources */ = {isa = PBXBuildFile; fileRef = D068BCFC28406F1900EF783E /* AppCoordinator.swift */; };
		D068BD002840700B00EF783E /* TabBarController.swift in Sources */ = {isa = PBXBuildFile; fileRef = D068BCFF2840700B00EF783E /* TabBarController.swift */; };
		D068BD022840701800EF783E /* TabBarCoordinator.swift in Sources */ = {isa = PBXBuildFile; fileRef = D068BD012840701800EF783E /* TabBarCoordinator.swift */; };
		D087289B283E7D26009983A5 /* CustomLabel.swift in Sources */ = {isa = PBXBuildFile; fileRef = D087289A283E7D26009983A5 /* CustomLabel.swift */; };
		D087289D283F0DB9009983A5 /* CustomButton.swift in Sources */ = {isa = PBXBuildFile; fileRef = D087289C283F0DB9009983A5 /* CustomButton.swift */; };
		D089E7D328446C950000AE78 /* HeroImageCollectionViewCell.swift in Sources */ = {isa = PBXBuildFile; fileRef = D089E7D228446C950000AE78 /* HeroImageCollectionViewCell.swift */; };
		D089E7D5284477C50000AE78 /* MainImageItem.swift in Sources */ = {isa = PBXBuildFile; fileRef = D089E7D4284477C50000AE78 /* MainImageItem.swift */; };
		D089E7DA2844B4790000AE78 /* MockDataModel.swift in Sources */ = {isa = PBXBuildFile; fileRef = D089E7D92844B4790000AE78 /* MockDataModel.swift */; };
		D089E7DE2844D2450000AE78 /* NearestDestinationCollectionViewCell.swift in Sources */ = {isa = PBXBuildFile; fileRef = D089E7DD2844D2450000AE78 /* NearestDestinationCollectionViewCell.swift */; };
		D089E7E2284501810000AE78 /* CommonHeaderView.swift in Sources */ = {isa = PBXBuildFile; fileRef = D089E7E1284501810000AE78 /* CommonHeaderView.swift */; };
		D089E7E5284505F10000AE78 /* MainAccomodationCollectionViewCell.swift in Sources */ = {isa = PBXBuildFile; fileRef = D089E7E4284505F10000AE78 /* MainAccomodationCollectionViewCell.swift */; };
		D089E7F82845FABB0000AE78 /* Observable.swift in Sources */ = {isa = PBXBuildFile; fileRef = D089E7F72845FABB0000AE78 /* Observable.swift */; };
		D089E80328460A4E0000AE78 /* MainSection.swift in Sources */ = {isa = PBXBuildFile; fileRef = D089E80228460A4E0000AE78 /* MainSection.swift */; };
		D089E80528460B4C0000AE78 /* MainSectionDiffableDataSource.swift in Sources */ = {isa = PBXBuildFile; fileRef = D089E80428460B4C0000AE78 /* MainSectionDiffableDataSource.swift */; };
		D089E80928461EE50000AE78 /* SearchRecommendationViewController.swift in Sources */ = {isa = PBXBuildFile; fileRef = D089E80828461EE50000AE78 /* SearchRecommendationViewController.swift */; };
		D089E80B284621770000AE78 /* SearchDiffableDataSource.swift in Sources */ = {isa = PBXBuildFile; fileRef = D089E80A284621770000AE78 /* SearchDiffableDataSource.swift */; };
		D089E80E284621960000AE78 /* SearchItem.swift in Sources */ = {isa = PBXBuildFile; fileRef = D089E80D284621960000AE78 /* SearchItem.swift */; };
		D089E811284622C00000AE78 /* SearchCollectionViewCell.swift in Sources */ = {isa = PBXBuildFile; fileRef = D089E810284622C00000AE78 /* SearchCollectionViewCell.swift */; };
		D0CC2B6E2840733200D77A3E /* MainFlowCoordinator.swift in Sources */ = {isa = PBXBuildFile; fileRef = D0CC2B6D2840733200D77A3E /* MainFlowCoordinator.swift */; };
		D0D299DC284CB88A009D1608 /* CommonCollectionViewCell.swift in Sources */ = {isa = PBXBuildFile; fileRef = D0D299DB284CB88A009D1608 /* CommonCollectionViewCell.swift */; };
		D0D299E0284CC156009D1608 /* MainCellFactory.swift in Sources */ = {isa = PBXBuildFile; fileRef = D0D299DF284CC156009D1608 /* MainCellFactory.swift */; };
		D0D299E4284D000E009D1608 /* LayoutManager.swift in Sources */ = {isa = PBXBuildFile; fileRef = D0D299E3284D000E009D1608 /* LayoutManager.swift */; };
		D0D299E8284D0C0C009D1608 /* ViewSizeApplicable.swift in Sources */ = {isa = PBXBuildFile; fileRef = D0D299E7284D0C0C009D1608 /* ViewSizeApplicable.swift */; };
		D0D299EB284E45EA009D1608 /* SearchResultViewController.swift in Sources */ = {isa = PBXBuildFile; fileRef = D0D299EA284E45EA009D1608 /* SearchResultViewController.swift */; };
		D0D299ED284E59BA009D1608 /* SearchResultTableViewCell.swift in Sources */ = {isa = PBXBuildFile; fileRef = D0D299EC284E59BA009D1608 /* SearchResultTableViewCell.swift */; };
		D0D299EF284E61C2009D1608 /* SearchResultTableViewDataSource.swift in Sources */ = {isa = PBXBuildFile; fileRef = D0D299EE284E61C2009D1608 /* SearchResultTableViewDataSource.swift */; };
		D0D299F1284F1D4D009D1608 /* WishListFlowCoordinator.swift in Sources */ = {isa = PBXBuildFile; fileRef = D0D299F0284F1D4D009D1608 /* WishListFlowCoordinator.swift */; };
		D0D299F3284F1DF5009D1608 /* ReservationFlowCoordinator.swift in Sources */ = {isa = PBXBuildFile; fileRef = D0D299F2284F1DF5009D1608 /* ReservationFlowCoordinator.swift */; };
		D0D299FD284F2498009D1608 /* WishListCollectionViewCell.swift in Sources */ = {isa = PBXBuildFile; fileRef = D0D299FC284F2498009D1608 /* WishListCollectionViewCell.swift */; };
		D0D29A1F284F4300009D1608 /* WishListCollectionViewDataSource.swift in Sources */ = {isa = PBXBuildFile; fileRef = D0D29A1E284F4300009D1608 /* WishListCollectionViewDataSource.swift */; };
		D0D29A25284FBDC5009D1608 /* WishListModel.swift in Sources */ = {isa = PBXBuildFile; fileRef = D0D29A24284FBDC5009D1608 /* WishListModel.swift */; };
		D0D29A29284FC9E3009D1608 /* ReservationCollectionViewCell.swift in Sources */ = {isa = PBXBuildFile; fileRef = D0D29A28284FC9E3009D1608 /* ReservationCollectionViewCell.swift */; };
		D0D29A2B284FC9ED009D1608 /* ReservationModel.swift in Sources */ = {isa = PBXBuildFile; fileRef = D0D29A2A284FC9ED009D1608 /* ReservationModel.swift */; };
		D0D29A2D284FCF00009D1608 /* ReservationCollectionViewDataSource.swift in Sources */ = {isa = PBXBuildFile; fileRef = D0D29A2C284FCF00009D1608 /* ReservationCollectionViewDataSource.swift */; };
/* End PBXBuildFile section */

/* Begin PBXContainerItemProxy section */
		D01D6602283C70720067B5E1 /* PBXContainerItemProxy */ = {
			isa = PBXContainerItemProxy;
			containerPortal = D01D65E3283C70710067B5E1 /* Project object */;
			proxyType = 1;
			remoteGlobalIDString = D01D65EA283C70710067B5E1;
			remoteInfo = airbnb;
		};
		D01D660C283C70720067B5E1 /* PBXContainerItemProxy */ = {
			isa = PBXContainerItemProxy;
			containerPortal = D01D65E3283C70710067B5E1 /* Project object */;
			proxyType = 1;
			remoteGlobalIDString = D01D65EA283C70710067B5E1;
			remoteInfo = airbnb;
		};
/* End PBXContainerItemProxy section */

/* Begin PBXFileReference section */
		0C4526A57EB63B30FA89E3A1 /* Pods-airbnb.debug.xcconfig */ = {isa = PBXFileReference; includeInIndex = 1; lastKnownFileType = text.xcconfig; name = "Pods-airbnb.debug.xcconfig"; path = "Target Support Files/Pods-airbnb/Pods-airbnb.debug.xcconfig"; sourceTree = "<group>"; };
		192123898367FFA43145CC3B /* Pods-airbnb-airbnbUITests.debug.xcconfig */ = {isa = PBXFileReference; includeInIndex = 1; lastKnownFileType = text.xcconfig; name = "Pods-airbnb-airbnbUITests.debug.xcconfig"; path = "Target Support Files/Pods-airbnb-airbnbUITests/Pods-airbnb-airbnbUITests.debug.xcconfig"; sourceTree = "<group>"; };
		3A2DCCA88F56802C24D42276 /* Pods-airbnb.release.xcconfig */ = {isa = PBXFileReference; includeInIndex = 1; lastKnownFileType = text.xcconfig; name = "Pods-airbnb.release.xcconfig"; path = "Target Support Files/Pods-airbnb/Pods-airbnb.release.xcconfig"; sourceTree = "<group>"; };
		584BB14A6428EA017CDEE3D2 /* Pods-airbnbTests.debug.xcconfig */ = {isa = PBXFileReference; includeInIndex = 1; lastKnownFileType = text.xcconfig; name = "Pods-airbnbTests.debug.xcconfig"; path = "Target Support Files/Pods-airbnbTests/Pods-airbnbTests.debug.xcconfig"; sourceTree = "<group>"; };
		9502C9F7B30B430AB84730F0 /* Pods_airbnbTests.framework */ = {isa = PBXFileReference; explicitFileType = wrapper.framework; includeInIndex = 0; path = Pods_airbnbTests.framework; sourceTree = BUILT_PRODUCTS_DIR; };
		984E44D079425CC6A313D30B /* Pods-airbnb-airbnbUITests.release.xcconfig */ = {isa = PBXFileReference; includeInIndex = 1; lastKnownFileType = text.xcconfig; name = "Pods-airbnb-airbnbUITests.release.xcconfig"; path = "Target Support Files/Pods-airbnb-airbnbUITests/Pods-airbnb-airbnbUITests.release.xcconfig"; sourceTree = "<group>"; };
		C24D1F46248DE73E50236196 /* Pods_airbnb_airbnbUITests.framework */ = {isa = PBXFileReference; explicitFileType = wrapper.framework; includeInIndex = 0; path = Pods_airbnb_airbnbUITests.framework; sourceTree = BUILT_PRODUCTS_DIR; };
		C89D983E7C4E499A69032693 /* Pods_airbnb.framework */ = {isa = PBXFileReference; explicitFileType = wrapper.framework; includeInIndex = 0; path = Pods_airbnb.framework; sourceTree = BUILT_PRODUCTS_DIR; };
		CA0D643D777FDE7236ACD556 /* Pods-airbnbTests.release.xcconfig */ = {isa = PBXFileReference; includeInIndex = 1; lastKnownFileType = text.xcconfig; name = "Pods-airbnbTests.release.xcconfig"; path = "Target Support Files/Pods-airbnbTests/Pods-airbnbTests.release.xcconfig"; sourceTree = "<group>"; };
		D00B74262850562B00B31424 /* CalendarViewController.swift */ = {isa = PBXFileReference; lastKnownFileType = sourcecode.swift; path = CalendarViewController.swift; sourceTree = "<group>"; };
		D00B74292850564B00B31424 /* CalendarCollectionViewCell.swift */ = {isa = PBXFileReference; lastKnownFileType = sourcecode.swift; path = CalendarCollectionViewCell.swift; sourceTree = "<group>"; };
		D00B742D285059C900B31424 /* CalendarCollectionViewDataSource.swift */ = {isa = PBXFileReference; lastKnownFileType = sourcecode.swift; path = CalendarCollectionViewDataSource.swift; sourceTree = "<group>"; };
		D00B743128507E5600B31424 /* CalendarFlowCoordinator.swift */ = {isa = PBXFileReference; lastKnownFileType = sourcecode.swift; path = CalendarFlowCoordinator.swift; sourceTree = "<group>"; };
		D00B743B285198C900B31424 /* GroupApplicable.swift */ = {isa = PBXFileReference; lastKnownFileType = sourcecode.swift; path = GroupApplicable.swift; sourceTree = "<group>"; };
		D00B743D285198D900B31424 /* SectionApplicable.swift */ = {isa = PBXFileReference; lastKnownFileType = sourcecode.swift; path = SectionApplicable.swift; sourceTree = "<group>"; };
		D00B74422851996100B31424 /* Size.swift */ = {isa = PBXFileReference; lastKnownFileType = sourcecode.swift; path = Size.swift; sourceTree = "<group>"; };
		D00B744428519F1100B31424 /* CustomColor.swift */ = {isa = PBXFileReference; lastKnownFileType = sourcecode.swift; path = CustomColor.swift; sourceTree = "<group>"; };
		D00B74462851ABEF00B31424 /* ButtonTheme.swift */ = {isa = PBXFileReference; lastKnownFileType = sourcecode.swift; path = ButtonTheme.swift; sourceTree = "<group>"; };
		D00B744A2851B95F00B31424 /* MapCoordinate.swift */ = {isa = PBXFileReference; lastKnownFileType = sourcecode.swift; path = MapCoordinate.swift; sourceTree = "<group>"; };
		D00B744D2851CD8500B31424 /* CalendarViewModel.swift */ = {isa = PBXFileReference; lastKnownFileType = sourcecode.swift; path = CalendarViewModel.swift; sourceTree = "<group>"; };
		D00B744F2851D1D700B31424 /* WeekdayCollectionViewDataSource.swift */ = {isa = PBXFileReference; lastKnownFileType = sourcecode.swift; path = WeekdayCollectionViewDataSource.swift; sourceTree = "<group>"; };
		D00B74522851E80600B31424 /* WeekdayModel.swift */ = {isa = PBXFileReference; lastKnownFileType = sourcecode.swift; path = WeekdayModel.swift; sourceTree = "<group>"; };
		D00B74542851E80D00B31424 /* CalendarModel.swift */ = {isa = PBXFileReference; lastKnownFileType = sourcecode.swift; path = CalendarModel.swift; sourceTree = "<group>"; };
		D00B745B28521E8F00B31424 /* UIViewController+Extension.swift */ = {isa = PBXFileReference; lastKnownFileType = sourcecode.swift; path = "UIViewController+Extension.swift"; sourceTree = "<group>"; };
		D00B74642852503800B31424 /* WishListResponseData.swift */ = {isa = PBXFileReference; lastKnownFileType = sourcecode.swift; path = WishListResponseData.swift; sourceTree = "<group>"; };
		D00B74682852526200B31424 /* SearchLocationResponseData.swift */ = {isa = PBXFileReference; lastKnownFileType = sourcecode.swift; path = SearchLocationResponseData.swift; sourceTree = "<group>"; };
		D00B746C2852BBBE00B31424 /* Constant.swift */ = {isa = PBXFileReference; lastKnownFileType = sourcecode.swift; path = Constant.swift; sourceTree = "<group>"; };
		D00B7485285332E500B31424 /* WishListViewModel.swift */ = {isa = PBXFileReference; lastKnownFileType = sourcecode.swift; path = WishListViewModel.swift; sourceTree = "<group>"; };
		D00B748928550AE300B31424 /* CalendarHeaderView.swift */ = {isa = PBXFileReference; lastKnownFileType = sourcecode.swift; path = CalendarHeaderView.swift; sourceTree = "<group>"; };
		D01D65EB283C70710067B5E1 /* airbnb.app */ = {isa = PBXFileReference; explicitFileType = wrapper.application; includeInIndex = 0; path = airbnb.app; sourceTree = BUILT_PRODUCTS_DIR; };
		D01D65EE283C70710067B5E1 /* AppDelegate.swift */ = {isa = PBXFileReference; lastKnownFileType = sourcecode.swift; path = AppDelegate.swift; sourceTree = "<group>"; };
		D01D65F0283C70710067B5E1 /* SceneDelegate.swift */ = {isa = PBXFileReference; lastKnownFileType = sourcecode.swift; path = SceneDelegate.swift; sourceTree = "<group>"; };
		D01D65F2283C70710067B5E1 /* MainViewController.swift */ = {isa = PBXFileReference; lastKnownFileType = sourcecode.swift; path = MainViewController.swift; sourceTree = "<group>"; };
		D01D65F7283C70720067B5E1 /* Assets.xcassets */ = {isa = PBXFileReference; lastKnownFileType = folder.assetcatalog; path = Assets.xcassets; sourceTree = "<group>"; };
		D01D65FA283C70720067B5E1 /* Base */ = {isa = PBXFileReference; lastKnownFileType = file.storyboard; name = Base; path = Base.lproj/LaunchScreen.storyboard; sourceTree = "<group>"; };
		D01D65FC283C70720067B5E1 /* Info.plist */ = {isa = PBXFileReference; lastKnownFileType = text.plist.xml; path = Info.plist; sourceTree = "<group>"; };
		D01D6601283C70720067B5E1 /* airbnbTests.xctest */ = {isa = PBXFileReference; explicitFileType = wrapper.cfbundle; includeInIndex = 0; path = airbnbTests.xctest; sourceTree = BUILT_PRODUCTS_DIR; };
		D01D6605283C70720067B5E1 /* airbnbTests.swift */ = {isa = PBXFileReference; lastKnownFileType = sourcecode.swift; path = airbnbTests.swift; sourceTree = "<group>"; };
		D01D660B283C70720067B5E1 /* airbnbUITests.xctest */ = {isa = PBXFileReference; explicitFileType = wrapper.cfbundle; includeInIndex = 0; path = airbnbUITests.xctest; sourceTree = BUILT_PRODUCTS_DIR; };
		D01D660F283C70720067B5E1 /* airbnbUITests.swift */ = {isa = PBXFileReference; lastKnownFileType = sourcecode.swift; path = airbnbUITests.swift; sourceTree = "<group>"; };
		D01D6611283C70720067B5E1 /* airbnbUITestsLaunchTests.swift */ = {isa = PBXFileReference; lastKnownFileType = sourcecode.swift; path = airbnbUITestsLaunchTests.swift; sourceTree = "<group>"; };
		D01D6620283CADE60067B5E1 /* .swiftlint.yml */ = {isa = PBXFileReference; lastKnownFileType = text.yaml; path = .swiftlint.yml; sourceTree = "<group>"; };
		D01D6627283CB5550067B5E1 /* WishListViewController.swift */ = {isa = PBXFileReference; lastKnownFileType = sourcecode.swift; path = WishListViewController.swift; sourceTree = "<group>"; };
		D01D6629283CB5DB0067B5E1 /* ReservationViewController.swift */ = {isa = PBXFileReference; lastKnownFileType = sourcecode.swift; path = ReservationViewController.swift; sourceTree = "<group>"; };
		D01D6630283D3A200067B5E1 /* UIColor+Extension.swift */ = {isa = PBXFileReference; lastKnownFileType = sourcecode.swift; path = "UIColor+Extension.swift"; sourceTree = "<group>"; };
		D04C6C40284925CD00A419A5 /* MainViewModel.swift */ = {isa = PBXFileReference; lastKnownFileType = sourcecode.swift; path = MainViewModel.swift; sourceTree = "<group>"; };
		D04C6C4828494B2600A419A5 /* SearchFlowCoordinator.swift */ = {isa = PBXFileReference; lastKnownFileType = sourcecode.swift; path = SearchFlowCoordinator.swift; sourceTree = "<group>"; };
		D068BCFA28406E1B00EF783E /* Coordinator.swift */ = {isa = PBXFileReference; lastKnownFileType = sourcecode.swift; path = Coordinator.swift; sourceTree = "<group>"; };
		D068BCFC28406F1900EF783E /* AppCoordinator.swift */ = {isa = PBXFileReference; lastKnownFileType = sourcecode.swift; path = AppCoordinator.swift; sourceTree = "<group>"; };
		D068BCFF2840700B00EF783E /* TabBarController.swift */ = {isa = PBXFileReference; lastKnownFileType = sourcecode.swift; path = TabBarController.swift; sourceTree = "<group>"; };
		D068BD012840701800EF783E /* TabBarCoordinator.swift */ = {isa = PBXFileReference; lastKnownFileType = sourcecode.swift; path = TabBarCoordinator.swift; sourceTree = "<group>"; };
		D087289A283E7D26009983A5 /* CustomLabel.swift */ = {isa = PBXFileReference; lastKnownFileType = sourcecode.swift; path = CustomLabel.swift; sourceTree = "<group>"; };
		D087289C283F0DB9009983A5 /* CustomButton.swift */ = {isa = PBXFileReference; lastKnownFileType = sourcecode.swift; path = CustomButton.swift; sourceTree = "<group>"; };
		D089E7D228446C950000AE78 /* HeroImageCollectionViewCell.swift */ = {isa = PBXFileReference; lastKnownFileType = sourcecode.swift; path = HeroImageCollectionViewCell.swift; sourceTree = "<group>"; };
		D089E7D4284477C50000AE78 /* MainImageItem.swift */ = {isa = PBXFileReference; lastKnownFileType = sourcecode.swift; path = MainImageItem.swift; sourceTree = "<group>"; };
		D089E7D92844B4790000AE78 /* MockDataModel.swift */ = {isa = PBXFileReference; lastKnownFileType = sourcecode.swift; path = MockDataModel.swift; sourceTree = "<group>"; };
		D089E7DD2844D2450000AE78 /* NearestDestinationCollectionViewCell.swift */ = {isa = PBXFileReference; lastKnownFileType = sourcecode.swift; path = NearestDestinationCollectionViewCell.swift; sourceTree = "<group>"; };
		D089E7E1284501810000AE78 /* CommonHeaderView.swift */ = {isa = PBXFileReference; lastKnownFileType = sourcecode.swift; path = CommonHeaderView.swift; sourceTree = "<group>"; };
		D089E7E4284505F10000AE78 /* MainAccomodationCollectionViewCell.swift */ = {isa = PBXFileReference; lastKnownFileType = sourcecode.swift; path = MainAccomodationCollectionViewCell.swift; sourceTree = "<group>"; };
		D089E7F72845FABB0000AE78 /* Observable.swift */ = {isa = PBXFileReference; lastKnownFileType = sourcecode.swift; path = Observable.swift; sourceTree = "<group>"; };
		D089E80228460A4E0000AE78 /* MainSection.swift */ = {isa = PBXFileReference; lastKnownFileType = sourcecode.swift; path = MainSection.swift; sourceTree = "<group>"; };
		D089E80428460B4C0000AE78 /* MainSectionDiffableDataSource.swift */ = {isa = PBXFileReference; lastKnownFileType = sourcecode.swift; path = MainSectionDiffableDataSource.swift; sourceTree = "<group>"; };
		D089E80828461EE50000AE78 /* SearchRecommendationViewController.swift */ = {isa = PBXFileReference; lastKnownFileType = sourcecode.swift; path = SearchRecommendationViewController.swift; sourceTree = "<group>"; };
		D089E80A284621770000AE78 /* SearchDiffableDataSource.swift */ = {isa = PBXFileReference; lastKnownFileType = sourcecode.swift; path = SearchDiffableDataSource.swift; sourceTree = "<group>"; };
		D089E80D284621960000AE78 /* SearchItem.swift */ = {isa = PBXFileReference; lastKnownFileType = sourcecode.swift; path = SearchItem.swift; sourceTree = "<group>"; };
		D089E810284622C00000AE78 /* SearchCollectionViewCell.swift */ = {isa = PBXFileReference; lastKnownFileType = sourcecode.swift; path = SearchCollectionViewCell.swift; sourceTree = "<group>"; };
		D0CC2B6D2840733200D77A3E /* MainFlowCoordinator.swift */ = {isa = PBXFileReference; lastKnownFileType = sourcecode.swift; path = MainFlowCoordinator.swift; sourceTree = "<group>"; };
		D0D299DB284CB88A009D1608 /* CommonCollectionViewCell.swift */ = {isa = PBXFileReference; lastKnownFileType = sourcecode.swift; path = CommonCollectionViewCell.swift; sourceTree = "<group>"; };
		D0D299DF284CC156009D1608 /* MainCellFactory.swift */ = {isa = PBXFileReference; lastKnownFileType = sourcecode.swift; path = MainCellFactory.swift; sourceTree = "<group>"; };
		D0D299E3284D000E009D1608 /* LayoutManager.swift */ = {isa = PBXFileReference; lastKnownFileType = sourcecode.swift; path = LayoutManager.swift; sourceTree = "<group>"; };
		D0D299E7284D0C0C009D1608 /* ViewSizeApplicable.swift */ = {isa = PBXFileReference; lastKnownFileType = sourcecode.swift; path = ViewSizeApplicable.swift; sourceTree = "<group>"; };
		D0D299EA284E45EA009D1608 /* SearchResultViewController.swift */ = {isa = PBXFileReference; lastKnownFileType = sourcecode.swift; path = SearchResultViewController.swift; sourceTree = "<group>"; };
		D0D299EC284E59BA009D1608 /* SearchResultTableViewCell.swift */ = {isa = PBXFileReference; lastKnownFileType = sourcecode.swift; path = SearchResultTableViewCell.swift; sourceTree = "<group>"; };
		D0D299EE284E61C2009D1608 /* SearchResultTableViewDataSource.swift */ = {isa = PBXFileReference; lastKnownFileType = sourcecode.swift; path = SearchResultTableViewDataSource.swift; sourceTree = "<group>"; };
		D0D299F0284F1D4D009D1608 /* WishListFlowCoordinator.swift */ = {isa = PBXFileReference; lastKnownFileType = sourcecode.swift; path = WishListFlowCoordinator.swift; sourceTree = "<group>"; };
		D0D299F2284F1DF5009D1608 /* ReservationFlowCoordinator.swift */ = {isa = PBXFileReference; lastKnownFileType = sourcecode.swift; path = ReservationFlowCoordinator.swift; sourceTree = "<group>"; };
		D0D299FC284F2498009D1608 /* WishListCollectionViewCell.swift */ = {isa = PBXFileReference; lastKnownFileType = sourcecode.swift; path = WishListCollectionViewCell.swift; sourceTree = "<group>"; };
		D0D29A1E284F4300009D1608 /* WishListCollectionViewDataSource.swift */ = {isa = PBXFileReference; lastKnownFileType = sourcecode.swift; path = WishListCollectionViewDataSource.swift; sourceTree = "<group>"; };
		D0D29A24284FBDC5009D1608 /* WishListModel.swift */ = {isa = PBXFileReference; lastKnownFileType = sourcecode.swift; path = WishListModel.swift; sourceTree = "<group>"; };
		D0D29A28284FC9E3009D1608 /* ReservationCollectionViewCell.swift */ = {isa = PBXFileReference; lastKnownFileType = sourcecode.swift; path = ReservationCollectionViewCell.swift; sourceTree = "<group>"; };
		D0D29A2A284FC9ED009D1608 /* ReservationModel.swift */ = {isa = PBXFileReference; lastKnownFileType = sourcecode.swift; path = ReservationModel.swift; sourceTree = "<group>"; };
		D0D29A2C284FCF00009D1608 /* ReservationCollectionViewDataSource.swift */ = {isa = PBXFileReference; lastKnownFileType = sourcecode.swift; path = ReservationCollectionViewDataSource.swift; sourceTree = "<group>"; };
/* End PBXFileReference section */

/* Begin PBXFrameworksBuildPhase section */
		D01D65E8283C70710067B5E1 /* Frameworks */ = {
			isa = PBXFrameworksBuildPhase;
			buildActionMask = 2147483647;
			files = (
				D00B745F285227B500B31424 /* Alamofire in Frameworks */,
				D00B741C285043FE00B31424 /* SnapKit in Frameworks */,
				747B3C4AB2D65AC07C371B01 /* Pods_airbnb.framework in Frameworks */,
			);
			runOnlyForDeploymentPostprocessing = 0;
		};
		D01D65FE283C70720067B5E1 /* Frameworks */ = {
			isa = PBXFrameworksBuildPhase;
			buildActionMask = 2147483647;
			files = (
				7711AA55455911FFC4D98C39 /* Pods_airbnbTests.framework in Frameworks */,
			);
			runOnlyForDeploymentPostprocessing = 0;
		};
		D01D6608283C70720067B5E1 /* Frameworks */ = {
			isa = PBXFrameworksBuildPhase;
			buildActionMask = 2147483647;
			files = (
				25BFAF49441D423588CF2A81 /* Pods_airbnb_airbnbUITests.framework in Frameworks */,
			);
			runOnlyForDeploymentPostprocessing = 0;
		};
/* End PBXFrameworksBuildPhase section */

/* Begin PBXGroup section */
		857DBAC39E1B69BE499A5802 /* Frameworks */ = {
			isa = PBXGroup;
			children = (
				C89D983E7C4E499A69032693 /* Pods_airbnb.framework */,
				C24D1F46248DE73E50236196 /* Pods_airbnb_airbnbUITests.framework */,
				9502C9F7B30B430AB84730F0 /* Pods_airbnbTests.framework */,
			);
			name = Frameworks;
			sourceTree = "<group>";
		};
		8873260860ACC08F7D0C90D1 /* Pods */ = {
			isa = PBXGroup;
			children = (
				0C4526A57EB63B30FA89E3A1 /* Pods-airbnb.debug.xcconfig */,
				3A2DCCA88F56802C24D42276 /* Pods-airbnb.release.xcconfig */,
				192123898367FFA43145CC3B /* Pods-airbnb-airbnbUITests.debug.xcconfig */,
				984E44D079425CC6A313D30B /* Pods-airbnb-airbnbUITests.release.xcconfig */,
				584BB14A6428EA017CDEE3D2 /* Pods-airbnbTests.debug.xcconfig */,
				CA0D643D777FDE7236ACD556 /* Pods-airbnbTests.release.xcconfig */,
			);
			path = Pods;
			sourceTree = "<group>";
		};
		D00B74252850562500B31424 /* Calendar */ = {
			isa = PBXGroup;
			children = (
				D00B74512851D4A700B31424 /* Model */,
				D00B742D285059C900B31424 /* CalendarCollectionViewDataSource.swift */,
				D00B743128507E5600B31424 /* CalendarFlowCoordinator.swift */,
				D00B74262850562B00B31424 /* CalendarViewController.swift */,
				D00B74282850563900B31424 /* View */,
				D00B744C2851CCA200B31424 /* ViewModel */,
				D00B744F2851D1D700B31424 /* WeekdayCollectionViewDataSource.swift */,
			);
			path = Calendar;
			sourceTree = "<group>";
		};
		D00B74282850563900B31424 /* View */ = {
			isa = PBXGroup;
			children = (
				D00B74292850564B00B31424 /* CalendarCollectionViewCell.swift */,
				D00B748928550AE300B31424 /* CalendarHeaderView.swift */,
			);
			path = View;
			sourceTree = "<group>";
		};
		D00B743A2851987B00B31424 /* Protocol */ = {
			isa = PBXGroup;
			children = (
				D00B743B285198C900B31424 /* GroupApplicable.swift */,
				D00B743D285198D900B31424 /* SectionApplicable.swift */,
				D0D299E7284D0C0C009D1608 /* ViewSizeApplicable.swift */,
			);
			path = Protocol;
			sourceTree = "<group>";
		};
		D00B74412851995A00B31424 /* Model */ = {
			isa = PBXGroup;
			children = (
				D00B74422851996100B31424 /* Size.swift */,
				D00B744428519F1100B31424 /* CustomColor.swift */,
				D00B74462851ABEF00B31424 /* ButtonTheme.swift */,
				D00B744A2851B95F00B31424 /* MapCoordinate.swift */,
				D00B746C2852BBBE00B31424 /* Constant.swift */,
			);
			path = Model;
			sourceTree = "<group>";
		};
		D00B744C2851CCA200B31424 /* ViewModel */ = {
			isa = PBXGroup;
			children = (
				D00B744D2851CD8500B31424 /* CalendarViewModel.swift */,
			);
			path = ViewModel;
			sourceTree = "<group>";
		};
		D00B74512851D4A700B31424 /* Model */ = {
			isa = PBXGroup;
			children = (
				D00B74522851E80600B31424 /* WeekdayModel.swift */,
				D00B74542851E80D00B31424 /* CalendarModel.swift */,
			);
			path = Model;
			sourceTree = "<group>";
		};
		D00B747A2852E72F00B31424 /* Network */ = {
			isa = PBXGroup;
			children = (
			);
			path = Network;
			sourceTree = "<group>";
		};
		D01D65E2283C70710067B5E1 = {
			isa = PBXGroup;
			children = (
				D01D6620283CADE60067B5E1 /* .swiftlint.yml */,
				D01D65ED283C70710067B5E1 /* airbnb */,
				D01D6604283C70720067B5E1 /* airbnbTests */,
				D01D660E283C70720067B5E1 /* airbnbUITests */,
				857DBAC39E1B69BE499A5802 /* Frameworks */,
				8873260860ACC08F7D0C90D1 /* Pods */,
				D01D65EC283C70710067B5E1 /* Products */,
			);
			sourceTree = "<group>";
		};
		D01D65EC283C70710067B5E1 /* Products */ = {
			isa = PBXGroup;
			children = (
				D01D65EB283C70710067B5E1 /* airbnb.app */,
				D01D6601283C70720067B5E1 /* airbnbTests.xctest */,
				D01D660B283C70720067B5E1 /* airbnbUITests.xctest */,
			);
			name = Products;
			sourceTree = "<group>";
		};
		D01D65ED283C70710067B5E1 /* airbnb */ = {
			isa = PBXGroup;
			children = (
				D00B747A2852E72F00B31424 /* Network */,
				D068BCF528406D7700EF783E /* App */,
				D01D662E283D3A050067B5E1 /* Common */,
				D01D6624283CB50E0067B5E1 /* Present */,
				D068BCF628406DA500EF783E /* SupportingFiles */,
				D089E7F62845FAAF0000AE78 /* Utility */,
			);
			path = airbnb;
			sourceTree = "<group>";
		};
		D01D6604283C70720067B5E1 /* airbnbTests */ = {
			isa = PBXGroup;
			children = (
				D01D6605283C70720067B5E1 /* airbnbTests.swift */,
			);
			path = airbnbTests;
			sourceTree = "<group>";
		};
		D01D660E283C70720067B5E1 /* airbnbUITests */ = {
			isa = PBXGroup;
			children = (
				D01D660F283C70720067B5E1 /* airbnbUITests.swift */,
				D01D6611283C70720067B5E1 /* airbnbUITestsLaunchTests.swift */,
			);
			path = airbnbUITests;
			sourceTree = "<group>";
		};
		D01D6624283CB50E0067B5E1 /* Present */ = {
			isa = PBXGroup;
			children = (
				D0872899283E7D13009983A5 /* CustomView */,
				D068BD03284072C100EF783E /* Main */,
				D0CC2B702840749000D77A3E /* Reservation */,
				D068BCFE28406FFE00EF783E /* TabBar */,
				D0CC2B6F2840748900D77A3E /* WishList */,
			);
			path = Present;
			sourceTree = "<group>";
		};
		D01D662E283D3A050067B5E1 /* Common */ = {
			isa = PBXGroup;
			children = (
				D00B74412851995A00B31424 /* Model */,
				D00B743A2851987B00B31424 /* Protocol */,
				D068BCFA28406E1B00EF783E /* Coordinator.swift */,
				D01D662F283D3A0D0067B5E1 /* Extension */,
				D089E7D92844B4790000AE78 /* MockDataModel.swift */,
				D089E7E3284501940000AE78 /* View */,
			);
			path = Common;
			sourceTree = "<group>";
		};
		D01D662F283D3A0D0067B5E1 /* Extension */ = {
			isa = PBXGroup;
			children = (
				D01D6630283D3A200067B5E1 /* UIColor+Extension.swift */,
				D00B745B28521E8F00B31424 /* UIViewController+Extension.swift */,
			);
			path = Extension;
			sourceTree = "<group>";
		};
		D068BCF528406D7700EF783E /* App */ = {
			isa = PBXGroup;
			children = (
				D068BCFC28406F1900EF783E /* AppCoordinator.swift */,
				D01D65EE283C70710067B5E1 /* AppDelegate.swift */,
				D01D65F0283C70710067B5E1 /* SceneDelegate.swift */,
			);
			path = App;
			sourceTree = "<group>";
		};
		D068BCF628406DA500EF783E /* SupportingFiles */ = {
			isa = PBXGroup;
			children = (
				D01D65F7283C70720067B5E1 /* Assets.xcassets */,
				D01D65FC283C70720067B5E1 /* Info.plist */,
				D01D65F9283C70720067B5E1 /* LaunchScreen.storyboard */,
			);
			path = SupportingFiles;
			sourceTree = "<group>";
		};
		D068BCFE28406FFE00EF783E /* TabBar */ = {
			isa = PBXGroup;
			children = (
				D068BCFF2840700B00EF783E /* TabBarController.swift */,
				D068BD012840701800EF783E /* TabBarCoordinator.swift */,
			);
			path = TabBar;
			sourceTree = "<group>";
		};
		D068BD03284072C100EF783E /* Main */ = {
			isa = PBXGroup;
			children = (
				D00B74252850562500B31424 /* Calendar */,
				D0D299DF284CC156009D1608 /* MainCellFactory.swift */,
				D0CC2B6D2840733200D77A3E /* MainFlowCoordinator.swift */,
				D089E80428460B4C0000AE78 /* MainSectionDiffableDataSource.swift */,
				D01D65F2283C70710067B5E1 /* MainViewController.swift */,
				D04C6C40284925CD00A419A5 /* MainViewModel.swift */,
				D089E7D62844B36D0000AE78 /* Model */,
				D089E80728461ECC0000AE78 /* Search */,
				D089E7D128446C800000AE78 /* View */,
			);
			path = Main;
			sourceTree = "<group>";
		};
		D0872899283E7D13009983A5 /* CustomView */ = {
			isa = PBXGroup;
			children = (
				D087289C283F0DB9009983A5 /* CustomButton.swift */,
				D087289A283E7D26009983A5 /* CustomLabel.swift */,
			);
			path = CustomView;
			sourceTree = "<group>";
		};
		D089E7D128446C800000AE78 /* View */ = {
			isa = PBXGroup;
			children = (
				D089E7D228446C950000AE78 /* HeroImageCollectionViewCell.swift */,
				D089E7E4284505F10000AE78 /* MainAccomodationCollectionViewCell.swift */,
				D089E7DD2844D2450000AE78 /* NearestDestinationCollectionViewCell.swift */,
			);
			path = View;
			sourceTree = "<group>";
		};
		D089E7D62844B36D0000AE78 /* Model */ = {
			isa = PBXGroup;
			children = (
				D089E7D4284477C50000AE78 /* MainImageItem.swift */,
				D089E80228460A4E0000AE78 /* MainSection.swift */,
			);
			path = Model;
			sourceTree = "<group>";
		};
		D089E7E3284501940000AE78 /* View */ = {
			isa = PBXGroup;
			children = (
				D0D299DB284CB88A009D1608 /* CommonCollectionViewCell.swift */,
				D089E7E1284501810000AE78 /* CommonHeaderView.swift */,
				D0D299E3284D000E009D1608 /* LayoutManager.swift */,
			);
			path = View;
			sourceTree = "<group>";
		};
		D089E7F62845FAAF0000AE78 /* Utility */ = {
			isa = PBXGroup;
			children = (
				D089E7F72845FABB0000AE78 /* Observable.swift */,
			);
			path = Utility;
			sourceTree = "<group>";
		};
		D089E80728461ECC0000AE78 /* Search */ = {
			isa = PBXGroup;
			children = (
				D089E80C284621800000AE78 /* Model */,
				D089E80A284621770000AE78 /* SearchDiffableDataSource.swift */,
				D04C6C4828494B2600A419A5 /* SearchFlowCoordinator.swift */,
				D089E80828461EE50000AE78 /* SearchRecommendationViewController.swift */,
				D0D299EE284E61C2009D1608 /* SearchResultTableViewDataSource.swift */,
				D0D299EA284E45EA009D1608 /* SearchResultViewController.swift */,
				D089E80F284622B50000AE78 /* View */,
			);
			path = Search;
			sourceTree = "<group>";
		};
		D089E80C284621800000AE78 /* Model */ = {
			isa = PBXGroup;
			children = (
				D089E80D284621960000AE78 /* SearchItem.swift */,
				D00B74682852526200B31424 /* SearchLocationResponseData.swift */,
			);
			path = Model;
			sourceTree = "<group>";
		};
		D089E80F284622B50000AE78 /* View */ = {
			isa = PBXGroup;
			children = (
				D089E810284622C00000AE78 /* SearchCollectionViewCell.swift */,
				D0D299EC284E59BA009D1608 /* SearchResultTableViewCell.swift */,
			);
			path = View;
			sourceTree = "<group>";
		};
		D0CC2B6F2840748900D77A3E /* WishList */ = {
			isa = PBXGroup;
			children = (
				D0D29A23284FBDBE009D1608 /* Model */,
				D0D299FB284F2490009D1608 /* View */,
				D0D29A1E284F4300009D1608 /* WishListCollectionViewDataSource.swift */,
				D0D299F0284F1D4D009D1608 /* WishListFlowCoordinator.swift */,
				D01D6627283CB5550067B5E1 /* WishListViewController.swift */,
				D00B7485285332E500B31424 /* WishListViewModel.swift */,
			);
			path = WishList;
			sourceTree = "<group>";
		};
		D0CC2B702840749000D77A3E /* Reservation */ = {
			isa = PBXGroup;
			children = (
				D0D29A26284FC9CC009D1608 /* Model */,
				D0D29A2C284FCF00009D1608 /* ReservationCollectionViewDataSource.swift */,
				D0D299F2284F1DF5009D1608 /* ReservationFlowCoordinator.swift */,
				D01D6629283CB5DB0067B5E1 /* ReservationViewController.swift */,
				D0D29A27284FC9D4009D1608 /* View */,
			);
			path = Reservation;
			sourceTree = "<group>";
		};
		D0D299FB284F2490009D1608 /* View */ = {
			isa = PBXGroup;
			children = (
				D0D299FC284F2498009D1608 /* WishListCollectionViewCell.swift */,
			);
			path = View;
			sourceTree = "<group>";
		};
		D0D29A23284FBDBE009D1608 /* Model */ = {
			isa = PBXGroup;
			children = (
				D0D29A24284FBDC5009D1608 /* WishListModel.swift */,
				D00B74642852503800B31424 /* WishListResponseData.swift */,
			);
			path = Model;
			sourceTree = "<group>";
		};
		D0D29A26284FC9CC009D1608 /* Model */ = {
			isa = PBXGroup;
			children = (
				D0D29A2A284FC9ED009D1608 /* ReservationModel.swift */,
			);
			path = Model;
			sourceTree = "<group>";
		};
		D0D29A27284FC9D4009D1608 /* View */ = {
			isa = PBXGroup;
			children = (
				D0D29A28284FC9E3009D1608 /* ReservationCollectionViewCell.swift */,
			);
			path = View;
			sourceTree = "<group>";
		};
/* End PBXGroup section */

/* Begin PBXNativeTarget section */
		D01D65EA283C70710067B5E1 /* airbnb */ = {
			isa = PBXNativeTarget;
			buildConfigurationList = D01D6615283C70720067B5E1 /* Build configuration list for PBXNativeTarget "airbnb" */;
			buildPhases = (
				83B1C1092FDCAA65974C3C7C /* [CP] Check Pods Manifest.lock */,
				D01D661F283CAD700067B5E1 /* SwiftLint Script */,
				D01D65E7283C70710067B5E1 /* Sources */,
				D01D65E8283C70710067B5E1 /* Frameworks */,
				D01D65E9283C70710067B5E1 /* Resources */,
			);
			buildRules = (
			);
			dependencies = (
			);
			name = airbnb;
			packageProductDependencies = (
				D00B741B285043FE00B31424 /* SnapKit */,
				D00B745E285227B500B31424 /* Alamofire */,
			);
			productName = airbnb;
			productReference = D01D65EB283C70710067B5E1 /* airbnb.app */;
			productType = "com.apple.product-type.application";
		};
		D01D6600283C70720067B5E1 /* airbnbTests */ = {
			isa = PBXNativeTarget;
			buildConfigurationList = D01D6618283C70720067B5E1 /* Build configuration list for PBXNativeTarget "airbnbTests" */;
			buildPhases = (
				AA7EB123362DC5373CB3CC55 /* [CP] Check Pods Manifest.lock */,
				D01D65FD283C70720067B5E1 /* Sources */,
				D01D65FE283C70720067B5E1 /* Frameworks */,
				D01D65FF283C70720067B5E1 /* Resources */,
			);
			buildRules = (
			);
			dependencies = (
				D01D6603283C70720067B5E1 /* PBXTargetDependency */,
			);
			name = airbnbTests;
			productName = airbnbTests;
			productReference = D01D6601283C70720067B5E1 /* airbnbTests.xctest */;
			productType = "com.apple.product-type.bundle.unit-test";
		};
		D01D660A283C70720067B5E1 /* airbnbUITests */ = {
			isa = PBXNativeTarget;
			buildConfigurationList = D01D661B283C70720067B5E1 /* Build configuration list for PBXNativeTarget "airbnbUITests" */;
			buildPhases = (
				171C959C4B730DA3F63BFD4D /* [CP] Check Pods Manifest.lock */,
				D01D6607283C70720067B5E1 /* Sources */,
				D01D6608283C70720067B5E1 /* Frameworks */,
				D01D6609283C70720067B5E1 /* Resources */,
			);
			buildRules = (
			);
			dependencies = (
				D01D660D283C70720067B5E1 /* PBXTargetDependency */,
			);
			name = airbnbUITests;
			productName = airbnbUITests;
			productReference = D01D660B283C70720067B5E1 /* airbnbUITests.xctest */;
			productType = "com.apple.product-type.bundle.ui-testing";
		};
/* End PBXNativeTarget section */

/* Begin PBXProject section */
		D01D65E3283C70710067B5E1 /* Project object */ = {
			isa = PBXProject;
			attributes = {
				BuildIndependentTargetsInParallel = 1;
				LastSwiftUpdateCheck = 1330;
				LastUpgradeCheck = 1330;
				TargetAttributes = {
					D01D65EA283C70710067B5E1 = {
						CreatedOnToolsVersion = 13.3;
					};
					D01D6600283C70720067B5E1 = {
						CreatedOnToolsVersion = 13.3;
						TestTargetID = D01D65EA283C70710067B5E1;
					};
					D01D660A283C70720067B5E1 = {
						CreatedOnToolsVersion = 13.3;
						TestTargetID = D01D65EA283C70710067B5E1;
					};
				};
			};
			buildConfigurationList = D01D65E6283C70710067B5E1 /* Build configuration list for PBXProject "airbnb" */;
			compatibilityVersion = "Xcode 13.0";
			developmentRegion = en;
			hasScannedForEncodings = 0;
			knownRegions = (
				en,
				Base,
			);
			mainGroup = D01D65E2283C70710067B5E1;
			packageReferences = (
				D00B7411284FECBF00B31424 /* XCRemoteSwiftPackageReference "HorizonCalendar" */,
				D00B741A285043FE00B31424 /* XCRemoteSwiftPackageReference "SnapKit" */,
				D00B745D285227B500B31424 /* XCRemoteSwiftPackageReference "Alamofire" */,
			);
			productRefGroup = D01D65EC283C70710067B5E1 /* Products */;
			projectDirPath = "";
			projectRoot = "";
			targets = (
				D01D65EA283C70710067B5E1 /* airbnb */,
				D01D6600283C70720067B5E1 /* airbnbTests */,
				D01D660A283C70720067B5E1 /* airbnbUITests */,
			);
		};
/* End PBXProject section */

/* Begin PBXResourcesBuildPhase section */
		D01D65E9283C70710067B5E1 /* Resources */ = {
			isa = PBXResourcesBuildPhase;
			buildActionMask = 2147483647;
			files = (
				D01D6621283CADE60067B5E1 /* .swiftlint.yml in Resources */,
				D01D65FB283C70720067B5E1 /* LaunchScreen.storyboard in Resources */,
				D01D65F8283C70720067B5E1 /* Assets.xcassets in Resources */,
			);
			runOnlyForDeploymentPostprocessing = 0;
		};
		D01D65FF283C70720067B5E1 /* Resources */ = {
			isa = PBXResourcesBuildPhase;
			buildActionMask = 2147483647;
			files = (
				D01D6622283CADE60067B5E1 /* .swiftlint.yml in Resources */,
			);
			runOnlyForDeploymentPostprocessing = 0;
		};
		D01D6609283C70720067B5E1 /* Resources */ = {
			isa = PBXResourcesBuildPhase;
			buildActionMask = 2147483647;
			files = (
				D01D6623283CADE60067B5E1 /* .swiftlint.yml in Resources */,
			);
			runOnlyForDeploymentPostprocessing = 0;
		};
/* End PBXResourcesBuildPhase section */

/* Begin PBXShellScriptBuildPhase section */
		171C959C4B730DA3F63BFD4D /* [CP] Check Pods Manifest.lock */ = {
			isa = PBXShellScriptBuildPhase;
			buildActionMask = 2147483647;
			files = (
			);
			inputFileListPaths = (
			);
			inputPaths = (
				"${PODS_PODFILE_DIR_PATH}/Podfile.lock",
				"${PODS_ROOT}/Manifest.lock",
			);
			name = "[CP] Check Pods Manifest.lock";
			outputFileListPaths = (
			);
			outputPaths = (
				"$(DERIVED_FILE_DIR)/Pods-airbnb-airbnbUITests-checkManifestLockResult.txt",
			);
			runOnlyForDeploymentPostprocessing = 0;
			shellPath = /bin/sh;
			shellScript = "diff \"${PODS_PODFILE_DIR_PATH}/Podfile.lock\" \"${PODS_ROOT}/Manifest.lock\" > /dev/null\nif [ $? != 0 ] ; then\n    # print error to STDERR\n    echo \"error: The sandbox is not in sync with the Podfile.lock. Run 'pod install' or update your CocoaPods installation.\" >&2\n    exit 1\nfi\n# This output is used by Xcode 'outputs' to avoid re-running this script phase.\necho \"SUCCESS\" > \"${SCRIPT_OUTPUT_FILE_0}\"\n";
			showEnvVarsInLog = 0;
		};
		83B1C1092FDCAA65974C3C7C /* [CP] Check Pods Manifest.lock */ = {
			isa = PBXShellScriptBuildPhase;
			buildActionMask = 2147483647;
			files = (
			);
			inputFileListPaths = (
			);
			inputPaths = (
				"${PODS_PODFILE_DIR_PATH}/Podfile.lock",
				"${PODS_ROOT}/Manifest.lock",
			);
			name = "[CP] Check Pods Manifest.lock";
			outputFileListPaths = (
			);
			outputPaths = (
				"$(DERIVED_FILE_DIR)/Pods-airbnb-checkManifestLockResult.txt",
			);
			runOnlyForDeploymentPostprocessing = 0;
			shellPath = /bin/sh;
			shellScript = "diff \"${PODS_PODFILE_DIR_PATH}/Podfile.lock\" \"${PODS_ROOT}/Manifest.lock\" > /dev/null\nif [ $? != 0 ] ; then\n    # print error to STDERR\n    echo \"error: The sandbox is not in sync with the Podfile.lock. Run 'pod install' or update your CocoaPods installation.\" >&2\n    exit 1\nfi\n# This output is used by Xcode 'outputs' to avoid re-running this script phase.\necho \"SUCCESS\" > \"${SCRIPT_OUTPUT_FILE_0}\"\n";
			showEnvVarsInLog = 0;
		};
		AA7EB123362DC5373CB3CC55 /* [CP] Check Pods Manifest.lock */ = {
			isa = PBXShellScriptBuildPhase;
			buildActionMask = 2147483647;
			files = (
			);
			inputFileListPaths = (
			);
			inputPaths = (
				"${PODS_PODFILE_DIR_PATH}/Podfile.lock",
				"${PODS_ROOT}/Manifest.lock",
			);
			name = "[CP] Check Pods Manifest.lock";
			outputFileListPaths = (
			);
			outputPaths = (
				"$(DERIVED_FILE_DIR)/Pods-airbnbTests-checkManifestLockResult.txt",
			);
			runOnlyForDeploymentPostprocessing = 0;
			shellPath = /bin/sh;
			shellScript = "diff \"${PODS_PODFILE_DIR_PATH}/Podfile.lock\" \"${PODS_ROOT}/Manifest.lock\" > /dev/null\nif [ $? != 0 ] ; then\n    # print error to STDERR\n    echo \"error: The sandbox is not in sync with the Podfile.lock. Run 'pod install' or update your CocoaPods installation.\" >&2\n    exit 1\nfi\n# This output is used by Xcode 'outputs' to avoid re-running this script phase.\necho \"SUCCESS\" > \"${SCRIPT_OUTPUT_FILE_0}\"\n";
			showEnvVarsInLog = 0;
		};
		D01D661F283CAD700067B5E1 /* SwiftLint Script */ = {
			isa = PBXShellScriptBuildPhase;
			buildActionMask = 2147483647;
			files = (
			);
			inputFileListPaths = (
			);
			inputPaths = (
			);
			name = "SwiftLint Script";
			outputFileListPaths = (
			);
			outputPaths = (
			);
			runOnlyForDeploymentPostprocessing = 0;
			shellPath = /bin/sh;
			shellScript = "${PODS_ROOT}/SwiftLint/swiftlint\n";
		};
/* End PBXShellScriptBuildPhase section */

/* Begin PBXSourcesBuildPhase section */
		D01D65E7283C70710067B5E1 /* Sources */ = {
			isa = PBXSourcesBuildPhase;
			buildActionMask = 2147483647;
			files = (
				D068BCFD28406F1900EF783E /* AppCoordinator.swift in Sources */,
				D0CC2B6E2840733200D77A3E /* MainFlowCoordinator.swift in Sources */,
				D00B744528519F1100B31424 /* CustomColor.swift in Sources */,
				D01D6631283D3A200067B5E1 /* UIColor+Extension.swift in Sources */,
				D00B745C28521E8F00B31424 /* UIViewController+Extension.swift in Sources */,
				D0D29A25284FBDC5009D1608 /* WishListModel.swift in Sources */,
				D0D29A2D284FCF00009D1608 /* ReservationCollectionViewDataSource.swift in Sources */,
				D089E7DE2844D2450000AE78 /* NearestDestinationCollectionViewCell.swift in Sources */,
				D089E7E5284505F10000AE78 /* MainAccomodationCollectionViewCell.swift in Sources */,
				D01D65F3283C70710067B5E1 /* MainViewController.swift in Sources */,
				D0D299E0284CC156009D1608 /* MainCellFactory.swift in Sources */,
				D0D299E4284D000E009D1608 /* LayoutManager.swift in Sources */,
				D00B744B2851B95F00B31424 /* MapCoordinate.swift in Sources */,
				D00B74472851ABEF00B31424 /* ButtonTheme.swift in Sources */,
				D00B743C285198C900B31424 /* GroupApplicable.swift in Sources */,
				D0D29A1F284F4300009D1608 /* WishListCollectionViewDataSource.swift in Sources */,
				D00B748A28550AE300B31424 /* CalendarHeaderView.swift in Sources */,
				D00B742E285059C900B31424 /* CalendarCollectionViewDataSource.swift in Sources */,
				D0D299DC284CB88A009D1608 /* CommonCollectionViewCell.swift in Sources */,
				D089E80528460B4C0000AE78 /* MainSectionDiffableDataSource.swift in Sources */,
				D00B7486285332E500B31424 /* WishListViewModel.swift in Sources */,
				D0D299FD284F2498009D1608 /* WishListCollectionViewCell.swift in Sources */,
				D089E80B284621770000AE78 /* SearchDiffableDataSource.swift in Sources */,
				D087289D283F0DB9009983A5 /* CustomButton.swift in Sources */,
				D089E80E284621960000AE78 /* SearchItem.swift in Sources */,
				D00B74692852526200B31424 /* SearchLocationResponseData.swift in Sources */,
				D0D29A2B284FC9ED009D1608 /* ReservationModel.swift in Sources */,
				D0D299F3284F1DF5009D1608 /* ReservationFlowCoordinator.swift in Sources */,
				D00B744E2851CD8500B31424 /* CalendarViewModel.swift in Sources */,
				D01D6628283CB5550067B5E1 /* WishListViewController.swift in Sources */,
				D0D299EF284E61C2009D1608 /* SearchResultTableViewDataSource.swift in Sources */,
				D00B74652852503800B31424 /* WishListResponseData.swift in Sources */,
				D04C6C41284925CD00A419A5 /* MainViewModel.swift in Sources */,
				D00B743E285198D900B31424 /* SectionApplicable.swift in Sources */,
				D01D65EF283C70710067B5E1 /* AppDelegate.swift in Sources */,
				D089E7F82845FABB0000AE78 /* Observable.swift in Sources */,
				D00B742A2850564B00B31424 /* CalendarCollectionViewCell.swift in Sources */,
				D068BD022840701800EF783E /* TabBarCoordinator.swift in Sources */,
				D0D299E8284D0C0C009D1608 /* ViewSizeApplicable.swift in Sources */,
				D0D299EB284E45EA009D1608 /* SearchResultViewController.swift in Sources */,
				D0D299ED284E59BA009D1608 /* SearchResultTableViewCell.swift in Sources */,
				D0D29A29284FC9E3009D1608 /* ReservationCollectionViewCell.swift in Sources */,
				D089E80328460A4E0000AE78 /* MainSection.swift in Sources */,
				D00B74502851D1D700B31424 /* WeekdayCollectionViewDataSource.swift in Sources */,
				D04C6C4928494B2600A419A5 /* SearchFlowCoordinator.swift in Sources */,
				D089E80928461EE50000AE78 /* SearchRecommendationViewController.swift in Sources */,
				D089E7DA2844B4790000AE78 /* MockDataModel.swift in Sources */,
				D068BCFB28406E1B00EF783E /* Coordinator.swift in Sources */,
				D089E7D5284477C50000AE78 /* MainImageItem.swift in Sources */,
				D00B743228507E5600B31424 /* CalendarFlowCoordinator.swift in Sources */,
				D01D65F1283C70710067B5E1 /* SceneDelegate.swift in Sources */,
				D00B74272850562B00B31424 /* CalendarViewController.swift in Sources */,
				D089E7D328446C950000AE78 /* HeroImageCollectionViewCell.swift in Sources */,
				D00B74532851E80600B31424 /* WeekdayModel.swift in Sources */,
				D089E7E2284501810000AE78 /* CommonHeaderView.swift in Sources */,
				D0D299F1284F1D4D009D1608 /* WishListFlowCoordinator.swift in Sources */,
				D00B746D2852BBBE00B31424 /* Constant.swift in Sources */,
				D089E811284622C00000AE78 /* SearchCollectionViewCell.swift in Sources */,
				D00B74552851E80D00B31424 /* CalendarModel.swift in Sources */,
				D00B74432851996100B31424 /* Size.swift in Sources */,
				D068BD002840700B00EF783E /* TabBarController.swift in Sources */,
				D01D662A283CB5DB0067B5E1 /* ReservationViewController.swift in Sources */,
				D087289B283E7D26009983A5 /* CustomLabel.swift in Sources */,
			);
			runOnlyForDeploymentPostprocessing = 0;
		};
		D01D65FD283C70720067B5E1 /* Sources */ = {
			isa = PBXSourcesBuildPhase;
			buildActionMask = 2147483647;
			files = (
				D01D6606283C70720067B5E1 /* airbnbTests.swift in Sources */,
			);
			runOnlyForDeploymentPostprocessing = 0;
		};
		D01D6607283C70720067B5E1 /* Sources */ = {
			isa = PBXSourcesBuildPhase;
			buildActionMask = 2147483647;
			files = (
				D01D6612283C70720067B5E1 /* airbnbUITestsLaunchTests.swift in Sources */,
				D01D6610283C70720067B5E1 /* airbnbUITests.swift in Sources */,
			);
			runOnlyForDeploymentPostprocessing = 0;
		};
/* End PBXSourcesBuildPhase section */

/* Begin PBXTargetDependency section */
		D01D6603283C70720067B5E1 /* PBXTargetDependency */ = {
			isa = PBXTargetDependency;
			target = D01D65EA283C70710067B5E1 /* airbnb */;
			targetProxy = D01D6602283C70720067B5E1 /* PBXContainerItemProxy */;
		};
		D01D660D283C70720067B5E1 /* PBXTargetDependency */ = {
			isa = PBXTargetDependency;
			target = D01D65EA283C70710067B5E1 /* airbnb */;
			targetProxy = D01D660C283C70720067B5E1 /* PBXContainerItemProxy */;
		};
/* End PBXTargetDependency section */

/* Begin PBXVariantGroup section */
		D01D65F9283C70720067B5E1 /* LaunchScreen.storyboard */ = {
			isa = PBXVariantGroup;
			children = (
				D01D65FA283C70720067B5E1 /* Base */,
			);
			name = LaunchScreen.storyboard;
			sourceTree = "<group>";
		};
/* End PBXVariantGroup section */

/* Begin XCBuildConfiguration section */
		D01D6613283C70720067B5E1 /* Debug */ = {
			isa = XCBuildConfiguration;
			buildSettings = {
				ALWAYS_SEARCH_USER_PATHS = NO;
				CLANG_ANALYZER_NONNULL = YES;
				CLANG_ANALYZER_NUMBER_OBJECT_CONVERSION = YES_AGGRESSIVE;
				CLANG_CXX_LANGUAGE_STANDARD = "gnu++17";
				CLANG_ENABLE_MODULES = YES;
				CLANG_ENABLE_OBJC_ARC = YES;
				CLANG_ENABLE_OBJC_WEAK = YES;
				CLANG_WARN_BLOCK_CAPTURE_AUTORELEASING = YES;
				CLANG_WARN_BOOL_CONVERSION = YES;
				CLANG_WARN_COMMA = YES;
				CLANG_WARN_CONSTANT_CONVERSION = YES;
				CLANG_WARN_DEPRECATED_OBJC_IMPLEMENTATIONS = YES;
				CLANG_WARN_DIRECT_OBJC_ISA_USAGE = YES_ERROR;
				CLANG_WARN_DOCUMENTATION_COMMENTS = YES;
				CLANG_WARN_EMPTY_BODY = YES;
				CLANG_WARN_ENUM_CONVERSION = YES;
				CLANG_WARN_INFINITE_RECURSION = YES;
				CLANG_WARN_INT_CONVERSION = YES;
				CLANG_WARN_NON_LITERAL_NULL_CONVERSION = YES;
				CLANG_WARN_OBJC_IMPLICIT_RETAIN_SELF = YES;
				CLANG_WARN_OBJC_LITERAL_CONVERSION = YES;
				CLANG_WARN_OBJC_ROOT_CLASS = YES_ERROR;
				CLANG_WARN_QUOTED_INCLUDE_IN_FRAMEWORK_HEADER = YES;
				CLANG_WARN_RANGE_LOOP_ANALYSIS = YES;
				CLANG_WARN_STRICT_PROTOTYPES = YES;
				CLANG_WARN_SUSPICIOUS_MOVE = YES;
				CLANG_WARN_UNGUARDED_AVAILABILITY = YES_AGGRESSIVE;
				CLANG_WARN_UNREACHABLE_CODE = YES;
				CLANG_WARN__DUPLICATE_METHOD_MATCH = YES;
				COPY_PHASE_STRIP = NO;
				DEBUG_INFORMATION_FORMAT = dwarf;
				ENABLE_STRICT_OBJC_MSGSEND = YES;
				ENABLE_TESTABILITY = YES;
				GCC_C_LANGUAGE_STANDARD = gnu11;
				GCC_DYNAMIC_NO_PIC = NO;
				GCC_NO_COMMON_BLOCKS = YES;
				GCC_OPTIMIZATION_LEVEL = 0;
				GCC_PREPROCESSOR_DEFINITIONS = (
					"DEBUG=1",
					"$(inherited)",
				);
				GCC_WARN_64_TO_32_BIT_CONVERSION = YES;
				GCC_WARN_ABOUT_RETURN_TYPE = YES_ERROR;
				GCC_WARN_UNDECLARED_SELECTOR = YES;
				GCC_WARN_UNINITIALIZED_AUTOS = YES_AGGRESSIVE;
				GCC_WARN_UNUSED_FUNCTION = YES;
				GCC_WARN_UNUSED_VARIABLE = YES;
				IPHONEOS_DEPLOYMENT_TARGET = 15.4;
				MTL_ENABLE_DEBUG_INFO = INCLUDE_SOURCE;
				MTL_FAST_MATH = YES;
				ONLY_ACTIVE_ARCH = YES;
				SDKROOT = iphoneos;
				SWIFT_ACTIVE_COMPILATION_CONDITIONS = DEBUG;
				SWIFT_OPTIMIZATION_LEVEL = "-Onone";
			};
			name = Debug;
		};
		D01D6614283C70720067B5E1 /* Release */ = {
			isa = XCBuildConfiguration;
			buildSettings = {
				ALWAYS_SEARCH_USER_PATHS = NO;
				CLANG_ANALYZER_NONNULL = YES;
				CLANG_ANALYZER_NUMBER_OBJECT_CONVERSION = YES_AGGRESSIVE;
				CLANG_CXX_LANGUAGE_STANDARD = "gnu++17";
				CLANG_ENABLE_MODULES = YES;
				CLANG_ENABLE_OBJC_ARC = YES;
				CLANG_ENABLE_OBJC_WEAK = YES;
				CLANG_WARN_BLOCK_CAPTURE_AUTORELEASING = YES;
				CLANG_WARN_BOOL_CONVERSION = YES;
				CLANG_WARN_COMMA = YES;
				CLANG_WARN_CONSTANT_CONVERSION = YES;
				CLANG_WARN_DEPRECATED_OBJC_IMPLEMENTATIONS = YES;
				CLANG_WARN_DIRECT_OBJC_ISA_USAGE = YES_ERROR;
				CLANG_WARN_DOCUMENTATION_COMMENTS = YES;
				CLANG_WARN_EMPTY_BODY = YES;
				CLANG_WARN_ENUM_CONVERSION = YES;
				CLANG_WARN_INFINITE_RECURSION = YES;
				CLANG_WARN_INT_CONVERSION = YES;
				CLANG_WARN_NON_LITERAL_NULL_CONVERSION = YES;
				CLANG_WARN_OBJC_IMPLICIT_RETAIN_SELF = YES;
				CLANG_WARN_OBJC_LITERAL_CONVERSION = YES;
				CLANG_WARN_OBJC_ROOT_CLASS = YES_ERROR;
				CLANG_WARN_QUOTED_INCLUDE_IN_FRAMEWORK_HEADER = YES;
				CLANG_WARN_RANGE_LOOP_ANALYSIS = YES;
				CLANG_WARN_STRICT_PROTOTYPES = YES;
				CLANG_WARN_SUSPICIOUS_MOVE = YES;
				CLANG_WARN_UNGUARDED_AVAILABILITY = YES_AGGRESSIVE;
				CLANG_WARN_UNREACHABLE_CODE = YES;
				CLANG_WARN__DUPLICATE_METHOD_MATCH = YES;
				COPY_PHASE_STRIP = NO;
				DEBUG_INFORMATION_FORMAT = "dwarf-with-dsym";
				ENABLE_NS_ASSERTIONS = NO;
				ENABLE_STRICT_OBJC_MSGSEND = YES;
				GCC_C_LANGUAGE_STANDARD = gnu11;
				GCC_NO_COMMON_BLOCKS = YES;
				GCC_WARN_64_TO_32_BIT_CONVERSION = YES;
				GCC_WARN_ABOUT_RETURN_TYPE = YES_ERROR;
				GCC_WARN_UNDECLARED_SELECTOR = YES;
				GCC_WARN_UNINITIALIZED_AUTOS = YES_AGGRESSIVE;
				GCC_WARN_UNUSED_FUNCTION = YES;
				GCC_WARN_UNUSED_VARIABLE = YES;
				IPHONEOS_DEPLOYMENT_TARGET = 15.4;
				MTL_ENABLE_DEBUG_INFO = NO;
				MTL_FAST_MATH = YES;
				SDKROOT = iphoneos;
				SWIFT_COMPILATION_MODE = wholemodule;
				SWIFT_OPTIMIZATION_LEVEL = "-O";
				VALIDATE_PRODUCT = YES;
			};
			name = Release;
		};
		D01D6616283C70720067B5E1 /* Debug */ = {
			isa = XCBuildConfiguration;
			baseConfigurationReference = 0C4526A57EB63B30FA89E3A1 /* Pods-airbnb.debug.xcconfig */;
			buildSettings = {
				ASSETCATALOG_COMPILER_APPICON_NAME = AppIcon;
				ASSETCATALOG_COMPILER_GLOBAL_ACCENT_COLOR_NAME = AccentColor;
				CODE_SIGN_STYLE = Automatic;
				CURRENT_PROJECT_VERSION = 1;
				DEVELOPMENT_TEAM = P9G6PC5FMA;
				GENERATE_INFOPLIST_FILE = YES;
				INFOPLIST_FILE = airbnb/SupportingFiles/Info.plist;
				INFOPLIST_KEY_UIApplicationSupportsIndirectInputEvents = YES;
				INFOPLIST_KEY_UILaunchStoryboardName = LaunchScreen;
				INFOPLIST_KEY_UISupportedInterfaceOrientations_iPad = "UIInterfaceOrientationPortrait UIInterfaceOrientationPortraitUpsideDown UIInterfaceOrientationLandscapeLeft UIInterfaceOrientationLandscapeRight";
				INFOPLIST_KEY_UISupportedInterfaceOrientations_iPhone = "UIInterfaceOrientationPortrait UIInterfaceOrientationLandscapeLeft UIInterfaceOrientationLandscapeRight";
				LD_RUNPATH_SEARCH_PATHS = (
					"$(inherited)",
					"@executable_path/Frameworks",
				);
				MARKETING_VERSION = 1.0;
				PRODUCT_BUNDLE_IDENTIFIER = com.sanghee.airbnb;
				PRODUCT_NAME = "$(TARGET_NAME)";
				SWIFT_EMIT_LOC_STRINGS = YES;
				SWIFT_VERSION = 5.0;
				TARGETED_DEVICE_FAMILY = "1,2";
			};
			name = Debug;
		};
		D01D6617283C70720067B5E1 /* Release */ = {
			isa = XCBuildConfiguration;
			baseConfigurationReference = 3A2DCCA88F56802C24D42276 /* Pods-airbnb.release.xcconfig */;
			buildSettings = {
				ASSETCATALOG_COMPILER_APPICON_NAME = AppIcon;
				ASSETCATALOG_COMPILER_GLOBAL_ACCENT_COLOR_NAME = AccentColor;
				CODE_SIGN_STYLE = Automatic;
				CURRENT_PROJECT_VERSION = 1;
				DEVELOPMENT_TEAM = P9G6PC5FMA;
				GENERATE_INFOPLIST_FILE = YES;
				INFOPLIST_FILE = airbnb/SupportingFiles/Info.plist;
				INFOPLIST_KEY_UIApplicationSupportsIndirectInputEvents = YES;
				INFOPLIST_KEY_UILaunchStoryboardName = LaunchScreen;
				INFOPLIST_KEY_UISupportedInterfaceOrientations_iPad = "UIInterfaceOrientationPortrait UIInterfaceOrientationPortraitUpsideDown UIInterfaceOrientationLandscapeLeft UIInterfaceOrientationLandscapeRight";
				INFOPLIST_KEY_UISupportedInterfaceOrientations_iPhone = "UIInterfaceOrientationPortrait UIInterfaceOrientationLandscapeLeft UIInterfaceOrientationLandscapeRight";
				LD_RUNPATH_SEARCH_PATHS = (
					"$(inherited)",
					"@executable_path/Frameworks",
				);
				MARKETING_VERSION = 1.0;
				PRODUCT_BUNDLE_IDENTIFIER = com.sanghee.airbnb;
				PRODUCT_NAME = "$(TARGET_NAME)";
				SWIFT_EMIT_LOC_STRINGS = YES;
				SWIFT_VERSION = 5.0;
				TARGETED_DEVICE_FAMILY = "1,2";
			};
			name = Release;
		};
		D01D6619283C70720067B5E1 /* Debug */ = {
			isa = XCBuildConfiguration;
			baseConfigurationReference = 584BB14A6428EA017CDEE3D2 /* Pods-airbnbTests.debug.xcconfig */;
			buildSettings = {
				ALWAYS_EMBED_SWIFT_STANDARD_LIBRARIES = YES;
				BUNDLE_LOADER = "$(TEST_HOST)";
				CODE_SIGN_STYLE = Automatic;
				CURRENT_PROJECT_VERSION = 1;
				DEVELOPMENT_TEAM = P9G6PC5FMA;
				GENERATE_INFOPLIST_FILE = YES;
				IPHONEOS_DEPLOYMENT_TARGET = 15.4;
				MARKETING_VERSION = 1.0;
				PRODUCT_BUNDLE_IDENTIFIER = com.sanghee.airbnbTests;
				PRODUCT_NAME = "$(TARGET_NAME)";
				SWIFT_EMIT_LOC_STRINGS = NO;
				SWIFT_VERSION = 5.0;
				TARGETED_DEVICE_FAMILY = "1,2";
				TEST_HOST = "$(BUILT_PRODUCTS_DIR)/airbnb.app/airbnb";
			};
			name = Debug;
		};
		D01D661A283C70720067B5E1 /* Release */ = {
			isa = XCBuildConfiguration;
			baseConfigurationReference = CA0D643D777FDE7236ACD556 /* Pods-airbnbTests.release.xcconfig */;
			buildSettings = {
				ALWAYS_EMBED_SWIFT_STANDARD_LIBRARIES = YES;
				BUNDLE_LOADER = "$(TEST_HOST)";
				CODE_SIGN_STYLE = Automatic;
				CURRENT_PROJECT_VERSION = 1;
				DEVELOPMENT_TEAM = P9G6PC5FMA;
				GENERATE_INFOPLIST_FILE = YES;
				IPHONEOS_DEPLOYMENT_TARGET = 15.4;
				MARKETING_VERSION = 1.0;
				PRODUCT_BUNDLE_IDENTIFIER = com.sanghee.airbnbTests;
				PRODUCT_NAME = "$(TARGET_NAME)";
				SWIFT_EMIT_LOC_STRINGS = NO;
				SWIFT_VERSION = 5.0;
				TARGETED_DEVICE_FAMILY = "1,2";
				TEST_HOST = "$(BUILT_PRODUCTS_DIR)/airbnb.app/airbnb";
			};
			name = Release;
		};
		D01D661C283C70720067B5E1 /* Debug */ = {
			isa = XCBuildConfiguration;
			baseConfigurationReference = 192123898367FFA43145CC3B /* Pods-airbnb-airbnbUITests.debug.xcconfig */;
			buildSettings = {
				ALWAYS_EMBED_SWIFT_STANDARD_LIBRARIES = YES;
				CODE_SIGN_STYLE = Automatic;
				CURRENT_PROJECT_VERSION = 1;
				DEVELOPMENT_TEAM = P9G6PC5FMA;
				GENERATE_INFOPLIST_FILE = YES;
				MARKETING_VERSION = 1.0;
				PRODUCT_BUNDLE_IDENTIFIER = com.sanghee.airbnbUITests;
				PRODUCT_NAME = "$(TARGET_NAME)";
				SWIFT_EMIT_LOC_STRINGS = NO;
				SWIFT_VERSION = 5.0;
				TARGETED_DEVICE_FAMILY = "1,2";
				TEST_TARGET_NAME = airbnb;
			};
			name = Debug;
		};
		D01D661D283C70720067B5E1 /* Release */ = {
			isa = XCBuildConfiguration;
			baseConfigurationReference = 984E44D079425CC6A313D30B /* Pods-airbnb-airbnbUITests.release.xcconfig */;
			buildSettings = {
				ALWAYS_EMBED_SWIFT_STANDARD_LIBRARIES = YES;
				CODE_SIGN_STYLE = Automatic;
				CURRENT_PROJECT_VERSION = 1;
				DEVELOPMENT_TEAM = P9G6PC5FMA;
				GENERATE_INFOPLIST_FILE = YES;
				MARKETING_VERSION = 1.0;
				PRODUCT_BUNDLE_IDENTIFIER = com.sanghee.airbnbUITests;
				PRODUCT_NAME = "$(TARGET_NAME)";
				SWIFT_EMIT_LOC_STRINGS = NO;
				SWIFT_VERSION = 5.0;
				TARGETED_DEVICE_FAMILY = "1,2";
				TEST_TARGET_NAME = airbnb;
			};
			name = Release;
		};
/* End XCBuildConfiguration section */

/* Begin XCConfigurationList section */
		D01D65E6283C70710067B5E1 /* Build configuration list for PBXProject "airbnb" */ = {
			isa = XCConfigurationList;
			buildConfigurations = (
				D01D6613283C70720067B5E1 /* Debug */,
				D01D6614283C70720067B5E1 /* Release */,
			);
			defaultConfigurationIsVisible = 0;
			defaultConfigurationName = Release;
		};
		D01D6615283C70720067B5E1 /* Build configuration list for PBXNativeTarget "airbnb" */ = {
			isa = XCConfigurationList;
			buildConfigurations = (
				D01D6616283C70720067B5E1 /* Debug */,
				D01D6617283C70720067B5E1 /* Release */,
			);
			defaultConfigurationIsVisible = 0;
			defaultConfigurationName = Release;
		};
		D01D6618283C70720067B5E1 /* Build configuration list for PBXNativeTarget "airbnbTests" */ = {
			isa = XCConfigurationList;
			buildConfigurations = (
				D01D6619283C70720067B5E1 /* Debug */,
				D01D661A283C70720067B5E1 /* Release */,
			);
			defaultConfigurationIsVisible = 0;
			defaultConfigurationName = Release;
		};
		D01D661B283C70720067B5E1 /* Build configuration list for PBXNativeTarget "airbnbUITests" */ = {
			isa = XCConfigurationList;
			buildConfigurations = (
				D01D661C283C70720067B5E1 /* Debug */,
				D01D661D283C70720067B5E1 /* Release */,
			);
			defaultConfigurationIsVisible = 0;
			defaultConfigurationName = Release;
		};
/* End XCConfigurationList section */

/* Begin XCRemoteSwiftPackageReference section */
		D00B7411284FECBF00B31424 /* XCRemoteSwiftPackageReference "HorizonCalendar" */ = {
			isa = XCRemoteSwiftPackageReference;
			repositoryURL = "https://github.com/airbnb/HorizonCalendar";
			requirement = {
				branch = master;
				kind = branch;
			};
		};
		D00B741A285043FE00B31424 /* XCRemoteSwiftPackageReference "SnapKit" */ = {
			isa = XCRemoteSwiftPackageReference;
			repositoryURL = "https://github.com/SnapKit/SnapKit";
			requirement = {
				branch = develop;
				kind = branch;
			};
		};
		D00B745D285227B500B31424 /* XCRemoteSwiftPackageReference "Alamofire" */ = {
			isa = XCRemoteSwiftPackageReference;
			repositoryURL = "https://github.com/Alamofire/Alamofire";
			requirement = {
				kind = upToNextMajorVersion;
				minimumVersion = 5.0.0;
			};
		};
/* End XCRemoteSwiftPackageReference section */

/* Begin XCSwiftPackageProductDependency section */
		D00B741B285043FE00B31424 /* SnapKit */ = {
			isa = XCSwiftPackageProductDependency;
			package = D00B741A285043FE00B31424 /* XCRemoteSwiftPackageReference "SnapKit" */;
			productName = SnapKit;
		};
		D00B745E285227B500B31424 /* Alamofire */ = {
			isa = XCSwiftPackageProductDependency;
			package = D00B745D285227B500B31424 /* XCRemoteSwiftPackageReference "Alamofire" */;
			productName = Alamofire;
		};
/* End XCSwiftPackageProductDependency section */
	};
	rootObject = D01D65E3283C70710067B5E1 /* Project object */;
}
